
Microsoft Visual Studio Solution File, Format Version 12.00
# Visual Studio Version 17
VisualStudioVersion = 17.5.33516.290
MinimumVisualStudioVersion = 10.0.40219.1
Project("{FAE04EC0-301F-11D3-BF4B-00C04F79EFBC}") = "WebScreenSaver", "WebScreenSaver\WebScreenSaver.csproj", "{C15534B1-AFE7-467F-AAE6-1C17B360FA74}"
EndProject
Global
	GlobalSection(SolutionConfigurationPlatforms) = preSolution
		Debug|Any CPU = Debug|Any CPU
		Release|Any CPU = Release|Any CPU
	EndGlobalSection
	GlobalSection(ProjectConfigurationPlatforms) = postSolution
		{C15534B1-AFE7-467F-AAE6-1C17B360FA74}.Debug|Any CPU.ActiveCfg = Debug|Any CPU
		{C15534B1-AFE7-467F-AAE6-1C17B360FA74}.Debug|Any CPU.Build.0 = Debug|Any CPU
		{C15534B1-AFE7-467F-AAE6-1C17B360FA74}.Release|Any CPU.ActiveCfg = Release|Any CPU
		{C15534B1-AFE7-467F-AAE6-1C17B360FA74}.Release|Any CPU.Build.0 = Release|Any CPU
	EndGlobalSection
	GlobalSection(SolutionProperties) = preSolution
		HideSolutionNode = FALSE
	EndGlobalSection
	GlobalSection(ExtensibilityGlobals) = postSolution
		SolutionGuid = {F7000A84-C7B8-435E-B051-5EAEA84B13C1}
	EndGlobalSection
EndGlobal
